
Microsoft Visual Studio Solution File, Format Version 12.00
# Visual Studio 15
VisualStudioVersion = 15.0.27130.2020
MinimumVisualStudioVersion = 10.0.40219.1
Project("{FAE04EC0-301F-11D3-BF4B-00C04F79EFBC}") = "RestaurantCalculator", "ConsoleApp1\RestaurantCalculator.csproj", "{34BE66A7-8DEC-47A7-AC7D-D1014C8E2128}"
EndProject
Global
	GlobalSection(SolutionConfigurationPlatforms) = preSolution
		Debug|Any CPU = Debug|Any CPU
		Release|Any CPU = Release|Any CPU
	EndGlobalSection
	GlobalSection(ProjectConfigurationPlatforms) = postSolution
		{34BE66A7-8DEC-47A7-AC7D-D1014C8E2128}.Debug|Any CPU.ActiveCfg = Debug|Any CPU
		{34BE66A7-8DEC-47A7-AC7D-D1014C8E2128}.Debug|Any CPU.Build.0 = Debug|Any CPU
		{34BE66A7-8DEC-47A7-AC7D-D1014C8E2128}.Release|Any CPU.ActiveCfg = Release|Any CPU
		{34BE66A7-8DEC-47A7-AC7D-D1014C8E2128}.Release|Any CPU.Build.0 = Release|Any CPU
	EndGlobalSection
	GlobalSection(SolutionProperties) = preSolution
		HideSolutionNode = FALSE
	EndGlobalSection
	GlobalSection(ExtensibilityGlobals) = postSolution
		SolutionGuid = {0AF43C27-40A1-4892-A4CB-B79F4BB086C8}
	EndGlobalSection
EndGlobal
